# THIS IS AN AUTOGENERATED FILE. DO NOT EDIT THIS FILE DIRECTLY.
# yarn lockfile v1


commander@2:
  version "2.19.0"
  resolved "https://registry.yarnpkg.com/commander/-/commander-2.19.0.tgz#f6198aa84e5b83c46054b94ddedbfed5ee9ff12a"
  integrity sha512-6tvAOO+D6OENvRAh524Dh9jcfKTYDQAqvqezbCW82xj5X0pSrcpxtvRKHLG0yBY6SD7PSDrJaj+0AiOcKVd1Xg==

d3-array@1, d3-array@^1.1.1, d3-array@^1.2.0:
  version "1.2.4"
  resolved "https://registry.yarnpkg.com/d3-array/-/d3-array-1.2.4.tgz#635ce4d5eea759f6f605863dbcfc30edc737f71f"
  integrity sha512-KHW6M86R+FUPYGb3R5XiYjXPq7VzwxZ22buHhAEVG5ztoEcZZMLov530mmccaqA1GghZArjQV46fuc8kUqhhHw==

d3-array@1.2.1:
  version "1.2.1"
  resolved "https://registry.yarnpkg.com/d3-array/-/d3-array-1.2.1.tgz#d1ca33de2f6ac31efadb8e050a021d7e2396d5dc"
  integrity sha512-CyINJQ0SOUHojDdFDH4JEM0552vCR1utGyLHegJHyYH0JyCpSeTPxi4OBqHMA2jJZq4NH782LtaJWBImqI/HBw==

d3-axis@1:
  version "1.0.12"
  resolved "https://registry.yarnpkg.com/d3-axis/-/d3-axis-1.0.12.tgz#cdf20ba210cfbb43795af33756886fb3638daac9"
  integrity sha512-ejINPfPSNdGFKEOAtnBtdkpr24c4d4jsei6Lg98mxf424ivoDP2956/5HDpIAtmHo85lqT4pruy+zEgvRUBqaQ==

d3-axis@1.0.8:
  version "1.0.8"
  resolved "https://registry.yarnpkg.com/d3-axis/-/d3-axis-1.0.8.tgz#31a705a0b535e65759de14173a31933137f18efa"
  integrity sha1-MacFoLU15ldZ3hQXOjGTMTfxjvo=

d3-brush@1:
  version "1.0.6"
  resolved "https://registry.yarnpkg.com/d3-brush/-/d3-brush-1.0.6.tgz#33691f2032d9db6c5d8cb684ff255a9883629e21"
  integrity sha512-lGSiF5SoSqO5/mYGD5FAeGKKS62JdA1EV7HPrU2b5rTX4qEJJtpjaGLJngjnkewQy7UnGstnFd3168wpf5z76w==
  dependencies:
    d3-dispatch "1"
    d3-drag "1"
    d3-interpolate "1"
    d3-selection "1"
    d3-transition "1"

d3-brush@1.0.4:
  version "1.0.4"
  resolved "https://registry.yarnpkg.com/d3-brush/-/d3-brush-1.0.4.tgz#00c2f238019f24f6c0a194a26d41a1530ffe7bc4"
  integrity sha1-AMLyOAGfJPbAoZSibUGhUw/+e8Q=
  dependencies:
    d3-dispatch "1"
    d3-drag "1"
    d3-interpolate "1"
    d3-selection "1"
    d3-transition "1"

d3-chord@1:
  version "1.0.6"
  resolved "https://registry.yarnpkg.com/d3-chord/-/d3-chord-1.0.6.tgz#309157e3f2db2c752f0280fedd35f2067ccbb15f"
  integrity sha512-JXA2Dro1Fxw9rJe33Uv+Ckr5IrAa74TlfDEhE/jfLOaXegMQFQTAgAw9WnZL8+HxVBRXaRGCkrNU7pJeylRIuA==
  dependencies:
    d3-array "1"
    d3-path "1"

d3-chord@1.0.4:
  version "1.0.4"
  resolved "https://registry.yarnpkg.com/d3-chord/-/d3-chord-1.0.4.tgz#7dec4f0ba886f713fe111c45f763414f6f74ca2c"
  integrity sha1-fexPC6iG9xP+ERxF92NBT290yiw=
  dependencies:
    d3-array "1"
    d3-path "1"

d3-collection@1:
  version "1.0.7"
  resolved "https://registry.yarnpkg.com/d3-collection/-/d3-collection-1.0.7.tgz#349bd2aa9977db071091c13144d5e4f16b5b310e"
  integrity sha512-ii0/r5f4sjKNTfh84Di+DpztYwqKhEyUlKoPrzUFfeSkWxjW49xU2QzO9qrPrNkpdI0XJkfzvmTu8V2Zylln6A==

d3-collection@1.0.4:
  version "1.0.4"
  resolved "https://registry.yarnpkg.com/d3-collection/-/d3-collection-1.0.4.tgz#342dfd12837c90974f33f1cc0a785aea570dcdc2"
  integrity sha1-NC39EoN8kJdPM/HMCnha6lcNzcI=

d3-color@1:
  version "1.2.3"
  resolved "https://registry.yarnpkg.com/d3-color/-/d3-color-1.2.3.tgz#6c67bb2af6df3cc8d79efcc4d3a3e83e28c8048f"
  integrity sha512-x37qq3ChOTLd26hnps36lexMRhNXEtVxZ4B25rL0DVdDsGQIJGB18S7y9XDwlDD6MD/ZBzITCf4JjGMM10TZkw==

d3-color@1.0.3:
  version "1.0.3"
  resolved "https://registry.yarnpkg.com/d3-color/-/d3-color-1.0.3.tgz#bc7643fca8e53a8347e2fbdaffa236796b58509b"
  integrity sha1-vHZD/KjlOoNH4vva/6I2eWtYUJs=

d3-contour@1:
  version "1.3.2"
  resolved "https://registry.yarnpkg.com/d3-contour/-/d3-contour-1.3.2.tgz#652aacd500d2264cb3423cee10db69f6f59bead3"
  integrity sha512-hoPp4K/rJCu0ladiH6zmJUEz6+u3lgR+GSm/QdM2BBvDraU39Vr7YdDCicJcxP1z8i9B/2dJLgDC1NcvlF8WCg==
  dependencies:
    d3-array "^1.1.1"

d3-dispatch@1:
  version "1.0.5"
  resolved "https://registry.yarnpkg.com/d3-dispatch/-/d3-dispatch-1.0.5.tgz#e25c10a186517cd6c82dd19ea018f07e01e39015"
  integrity sha512-vwKx+lAqB1UuCeklr6Jh1bvC4SZgbSqbkGBLClItFBIYH4vqDJCA7qfoy14lXmJdnBOdxndAMxjCbImJYW7e6g==

d3-dispatch@1.0.3:
  version "1.0.3"
  resolved "https://registry.yarnpkg.com/d3-dispatch/-/d3-dispatch-1.0.3.tgz#46e1491eaa9b58c358fce5be4e8bed626e7871f8"
  integrity sha1-RuFJHqqbWMNY/OW+TovtYm54cfg=

d3-drag@1:
  version "1.2.3"
  resolved "https://registry.yarnpkg.com/d3-drag/-/d3-drag-1.2.3.tgz#46e206ad863ec465d88c588098a1df444cd33c64"
  integrity sha512-8S3HWCAg+ilzjJsNtWW1Mutl74Nmzhb9yU6igspilaJzeZVFktmY6oO9xOh5TDk+BM2KrNFjttZNoJJmDnkjkg==
  dependencies:
    d3-dispatch "1"
    d3-selection "1"

d3-drag@1.2.1:
  version "1.2.1"
  resolved "https://registry.yarnpkg.com/d3-drag/-/d3-drag-1.2.1.tgz#df8dd4c502fb490fc7462046a8ad98a5c479282d"
  integrity sha512-Cg8/K2rTtzxzrb0fmnYOUeZHvwa4PHzwXOLZZPwtEs2SKLLKLXeYwZKBB+DlOxUvFmarOnmt//cU4+3US2lyyQ==
  dependencies:
    d3-dispatch "1"
    d3-selection "1"

d3-dsv@1:
  version "1.0.10"
  resolved "https://registry.yarnpkg.com/d3-dsv/-/d3-dsv-1.0.10.tgz#4371c489a2a654a297aca16fcaf605a6f31a6f51"
  integrity sha512-vqklfpxmtO2ZER3fq/B33R/BIz3A1PV0FaZRuFM8w6jLo7sUX1BZDh73fPlr0s327rzq4H6EN1q9U+eCBCSN8g==
  dependencies:
    commander "2"
    iconv-lite "0.4"
    rw "1"

d3-dsv@1.0.8:
  version "1.0.8"
  resolved "https://registry.yarnpkg.com/d3-dsv/-/d3-dsv-1.0.8.tgz#907e240d57b386618dc56468bacfe76bf19764ae"
  integrity sha512-IVCJpQ+YGe3qu6odkPQI0KPqfxkhbP/oM1XhhE/DFiYmcXKfCRub4KXyiuehV1d4drjWVXHUWx4gHqhdZb6n/A==
  dependencies:
    commander "2"
    iconv-lite "0.4"
    rw "1"

d3-ease@1:
  version "1.0.5"
  resolved "https://registry.yarnpkg.com/d3-ease/-/d3-ease-1.0.5.tgz#8ce59276d81241b1b72042d6af2d40e76d936ffb"
  integrity sha512-Ct1O//ly5y5lFM9YTdu+ygq7LleSgSE4oj7vUt9tPLHUi8VCV7QoizGpdWRWAwCO9LdYzIrQDg97+hGVdsSGPQ==

d3-ease@1.0.3:
  version "1.0.3"
  resolved "https://registry.yarnpkg.com/d3-ease/-/d3-ease-1.0.3.tgz#68bfbc349338a380c44d8acc4fbc3304aa2d8c0e"
  integrity sha1-aL+8NJM4o4DETYrMT7wzBKotjA4=

d3-fetch@1:
  version "1.1.2"
  resolved "https://registry.yarnpkg.com/d3-fetch/-/d3-fetch-1.1.2.tgz#957c8fbc6d4480599ba191b1b2518bf86b3e1be2"
  integrity sha512-S2loaQCV/ZeyTyIF2oP8D1K9Z4QizUzW7cWeAOAS4U88qOt3Ucf6GsmgthuYSdyB2HyEm4CeGvkQxWsmInsIVA==
  dependencies:
    d3-dsv "1"

d3-force@1:
  version "1.1.2"
  resolved "https://registry.yarnpkg.com/d3-force/-/d3-force-1.1.2.tgz#16664d0ac71d8727ef5effe0b374feac8050d6cd"
  integrity sha512-p1vcHAUF1qH7yR+e8ip7Bs61AHjLeKkIn8Z2gzwU2lwEf2wkSpWdjXG0axudTHsVFnYGlMkFaEsVy2l8tAg1Gw==
  dependencies:
    d3-collection "1"
    d3-dispatch "1"
    d3-quadtree "1"
    d3-timer "1"

d3-force@1.1.0:
  version "1.1.0"
  resolved "https://registry.yarnpkg.com/d3-force/-/d3-force-1.1.0.tgz#cebf3c694f1078fcc3d4daf8e567b2fbd70d4ea3"
  integrity sha512-2HVQz3/VCQs0QeRNZTYb7GxoUCeb6bOzMp/cGcLa87awY9ZsPvXOGeZm0iaGBjXic6I1ysKwMn+g+5jSAdzwcg==
  dependencies:
    d3-collection "1"
    d3-dispatch "1"
    d3-quadtree "1"
    d3-timer "1"

d3-format@1:
  version "1.3.2"
  resolved "https://registry.yarnpkg.com/d3-format/-/d3-format-1.3.2.tgz#6a96b5e31bcb98122a30863f7d92365c00603562"
  integrity sha512-Z18Dprj96ExragQ0DeGi+SYPQ7pPfRMtUXtsg/ChVIKNBCzjO8XYJvRTC1usblx52lqge56V5ect+frYTQc8WQ==

d3-format@1.2.2:
  version "1.2.2"
  resolved "https://registry.yarnpkg.com/d3-format/-/d3-format-1.2.2.tgz#1a39c479c8a57fe5051b2e67a3bee27061a74e7a"
  integrity sha512-zH9CfF/3C8zUI47nsiKfD0+AGDEuM8LwBIP7pBVpyR4l/sKkZqITmMtxRp04rwBrlshIZ17XeFAaovN3++wzkw==

d3-geo@1:
  version "1.11.1"
  resolved "https://registry.yarnpkg.com/d3-geo/-/d3-geo-1.11.1.tgz#3f35e582c0d29296618b02a8ade0fdffb2c0e63c"
  integrity sha512-GsG7x9G9sykseLviOVSJ3h5yjw0ItLopOtuDQKUt1TRklEegCw5WAmnIpYYiCkSH/QgUMleAeE2xZK38Qb+1+Q==
  dependencies:
    d3-array "1"

d3-geo@1.9.1:
  version "1.9.1"
  resolved "https://registry.yarnpkg.com/d3-geo/-/d3-geo-1.9.1.tgz#157e3b0f917379d0f73bebfff3be537f49fa7356"
  integrity sha512-l9wL/cEQkyZQYXw3xbmLsH3eQ5ij+icNfo4r0GrLa5rOCZR/e/3am45IQ0FvQ5uMsv+77zBRunLc9ufTWSQYFA==
  dependencies:
    d3-array "1"

d3-hierarchy@1:
  version "1.1.8"
  resolved "https://registry.yarnpkg.com/d3-hierarchy/-/d3-hierarchy-1.1.8.tgz#7a6317bd3ed24e324641b6f1e76e978836b008cc"
  integrity sha512-L+GHMSZNwTpiq4rt9GEsNcpLa4M96lXMR8M/nMG9p5hBE0jy6C+3hWtyZMenPQdwla249iJy7Nx0uKt3n+u9+w==

d3-hierarchy@1.1.5:
  version "1.1.5"
  resolved "https://registry.yarnpkg.com/d3-hierarchy/-/d3-hierarchy-1.1.5.tgz#a1c845c42f84a206bcf1c01c01098ea4ddaa7a26"
  integrity sha1-ochFxC+Eoga88cAcAQmOpN2qeiY=

d3-interpolate@1:
  version "1.3.2"
  resolved "https://registry.yarnpkg.com/d3-interpolate/-/d3-interpolate-1.3.2.tgz#417d3ebdeb4bc4efcc8fd4361c55e4040211fd68"
  integrity sha512-NlNKGopqaz9qM1PXh9gBF1KSCVh+jSFErrSlD/4hybwoNX/gt1d8CDbDW+3i+5UOHhjC6s6nMvRxcuoMVNgL2w==
  dependencies:
    d3-color "1"

d3-interpolate@1.1.6:
  version "1.1.6"
  resolved "https://registry.yarnpkg.com/d3-interpolate/-/d3-interpolate-1.1.6.tgz#2cf395ae2381804df08aa1bf766b7f97b5f68fb6"
  integrity sha512-mOnv5a+pZzkNIHtw/V6I+w9Lqm9L5bG3OTXPM5A+QO0yyVMQ4W1uZhR+VOJmazaOZXri2ppbiZ5BUNWT0pFM9A==
  dependencies:
    d3-color "1"

d3-path@1:
  version "1.0.7"
  resolved "https://registry.yarnpkg.com/d3-path/-/d3-path-1.0.7.tgz#8de7cd693a75ac0b5480d3abaccd94793e58aae8"
  integrity sha512-q0cW1RpvA5c5ma2rch62mX8AYaiLX0+bdaSM2wxSU9tXjU4DNvkx9qiUvjkuWCj3p22UO/hlPivujqMiR9PDzA==

d3-path@1.0.5:
  version "1.0.5"
  resolved "https://registry.yarnpkg.com/d3-path/-/d3-path-1.0.5.tgz#241eb1849bd9e9e8021c0d0a799f8a0e8e441764"
  integrity sha1-JB6xhJvZ6egCHA0KeZ+KDo5EF2Q=

d3-polygon@1:
  version "1.0.5"
  resolved "https://registry.yarnpkg.com/d3-polygon/-/d3-polygon-1.0.5.tgz#9a645a0a64ff6cbf9efda96ee0b4a6909184c363"
  integrity sha512-RHhh1ZUJZfhgoqzWWuRhzQJvO7LavchhitSTHGu9oj6uuLFzYZVeBzaWTQ2qSO6bz2w55RMoOCf0MsLCDB6e0w==

d3-polygon@1.0.3:
  version "1.0.3"
  resolved "https://registry.yarnpkg.com/d3-polygon/-/d3-polygon-1.0.3.tgz#16888e9026460933f2b179652ad378224d382c62"
  integrity sha1-FoiOkCZGCTPysXllKtN4Ik04LGI=

d3-quadtree@1:
  version "1.0.5"
  resolved "https://registry.yarnpkg.com/d3-quadtree/-/d3-quadtree-1.0.5.tgz#305394840b01f51a341a0da5008585e837fe7e9b"
  integrity sha512-U2tjwDFbZ75JRAg8A+cqMvqPg1G3BE7UTJn3h8DHjY/pnsAfWdbJKgyfcy7zKjqGtLAmI0q8aDSeG1TVIKRaHQ==

d3-quadtree@1.0.3:
  version "1.0.3"
  resolved "https://registry.yarnpkg.com/d3-quadtree/-/d3-quadtree-1.0.3.tgz#ac7987e3e23fe805a990f28e1b50d38fcb822438"
  integrity sha1-rHmH4+I/6AWpkPKOG1DTj8uCJDg=

d3-queue@3.0.7:
  version "3.0.7"
  resolved "https://registry.yarnpkg.com/d3-queue/-/d3-queue-3.0.7.tgz#c93a2e54b417c0959129d7d73f6cf7d4292e7618"
  integrity sha1-yTouVLQXwJWRKdfXP2z31Ckudhg=

d3-random@1:
  version "1.1.2"
  resolved "https://registry.yarnpkg.com/d3-random/-/d3-random-1.1.2.tgz#2833be7c124360bf9e2d3fd4f33847cfe6cab291"
  integrity sha512-6AK5BNpIFqP+cx/sreKzNjWbwZQCSUatxq+pPRmFIQaWuoD+NrbVWw7YWpHiXpCQ/NanKdtGDuB+VQcZDaEmYQ==

d3-random@1.1.0:
  version "1.1.0"
  resolved "https://registry.yarnpkg.com/d3-random/-/d3-random-1.1.0.tgz#6642e506c6fa3a648595d2b2469788a8d12529d3"
  integrity sha1-ZkLlBsb6OmSFldKyRpeIqNElKdM=

d3-request@1.0.6:
  version "1.0.6"
  resolved "https://registry.yarnpkg.com/d3-request/-/d3-request-1.0.6.tgz#a1044a9ef4ec28c824171c9379fae6d79474b19f"
  integrity sha512-FJj8ySY6GYuAJHZMaCQ83xEYE4KbkPkmxZ3Hu6zA1xxG2GD+z6P+Lyp+zjdsHf0xEbp2xcluDI50rCS855EQ6w==
  dependencies:
    d3-collection "1"
    d3-dispatch "1"
    d3-dsv "1"
    xmlhttprequest "1"

d3-scale-chromatic@1:
  version "1.3.3"
  resolved "https://registry.yarnpkg.com/d3-scale-chromatic/-/d3-scale-chromatic-1.3.3.tgz#dad4366f0edcb288f490128979c3c793583ed3c0"
  integrity sha512-BWTipif1CimXcYfT02LKjAyItX5gKiwxuPRgr4xM58JwlLocWbjPLI7aMEjkcoOQXMkYsmNsvv3d2yl/OKuHHw==
  dependencies:
    d3-color "1"
    d3-interpolate "1"

d3-scale@1.0.7:
  version "1.0.7"
  resolved "https://registry.yarnpkg.com/d3-scale/-/d3-scale-1.0.7.tgz#fa90324b3ea8a776422bd0472afab0b252a0945d"
  integrity sha512-KvU92czp2/qse5tUfGms6Kjig0AhHOwkzXG0+PqIJB3ke0WUv088AHMZI0OssO9NCkXt4RP8yju9rpH8aGB7Lw==
  dependencies:
    d3-array "^1.2.0"
    d3-collection "1"
    d3-color "1"
    d3-format "1"
    d3-interpolate "1"
    d3-time "1"
    d3-time-format "2"

d3-scale@2:
  version "2.1.2"
  resolved "https://registry.yarnpkg.com/d3-scale/-/d3-scale-2.1.2.tgz#4e932b7b60182aee9073ede8764c98423e5f9a94"
  integrity sha512-bESpd64ylaKzCDzvULcmHKZTlzA/6DGSVwx7QSDj/EnX9cpSevsdiwdHFYI9ouo9tNBbV3v5xztHS2uFeOzh8Q==
  dependencies:
    d3-array "^1.2.0"
    d3-collection "1"
    d3-format "1"
    d3-interpolate "1"
    d3-time "1"
    d3-time-format "2"

d3-selection@1, d3-selection@^1.1.0:
  version "1.3.2"
  resolved "https://registry.yarnpkg.com/d3-selection/-/d3-selection-1.3.2.tgz#6e70a9df60801c8af28ac24d10072d82cbfdf652"
  integrity sha512-OoXdv1nZ7h2aKMVg3kaUFbLLK5jXUFAMLD/Tu5JA96mjf8f2a9ZUESGY+C36t8R1WFeWk/e55hy54Ml2I62CRQ==

d3-selection@1.3.0:
  version "1.3.0"
  resolved "https://registry.yarnpkg.com/d3-selection/-/d3-selection-1.3.0.tgz#d53772382d3dc4f7507bfb28bcd2d6aed2a0ad6d"
  integrity sha512-qgpUOg9tl5CirdqESUAu0t9MU/t3O9klYfGfyKsXEmhyxyzLpzpeh08gaxBUTQw1uXIOkr/30Ut2YRjSSxlmHA==

d3-shape@1:
  version "1.2.2"
  resolved "https://registry.yarnpkg.com/d3-shape/-/d3-shape-1.2.2.tgz#f9dba3777a5825f9a8ce8bc928da08c17679e9a7"
  integrity sha512-hUGEozlKecFZ2bOSNt7ENex+4Tk9uc/m0TtTEHBvitCBxUNjhzm5hS2GrrVRD/ae4IylSmxGeqX5tWC2rASMlQ==
  dependencies:
    d3-path "1"

d3-shape@1.2.0:
  version "1.2.0"
  resolved "https://registry.yarnpkg.com/d3-shape/-/d3-shape-1.2.0.tgz#45d01538f064bafd05ea3d6d2cb748fd8c41f777"
  integrity sha1-RdAVOPBkuv0F6j1tLLdI/YxB93c=
  dependencies:
    d3-path "1"

d3-time-format@2:
  version "2.1.3"
  resolved "https://registry.yarnpkg.com/d3-time-format/-/d3-time-format-2.1.3.tgz#ae06f8e0126a9d60d6364eac5b1533ae1bac826b"
  integrity sha512-6k0a2rZryzGm5Ihx+aFMuO1GgelgIz+7HhB4PH4OEndD5q2zGn1mDfRdNrulspOfR6JXkb2sThhDK41CSK85QA==
  dependencies:
    d3-time "1"

d3-time-format@2.1.1:
  version "2.1.1"
  resolved "https://registry.yarnpkg.com/d3-time-format/-/d3-time-format-2.1.1.tgz#85b7cdfbc9ffca187f14d3c456ffda268081bb31"
  integrity sha512-8kAkymq2WMfzW7e+s/IUNAtN/y3gZXGRrdGfo6R8NKPAA85UBTxZg5E61bR6nLwjPjj4d3zywSQe1CkYLPFyrw==
  dependencies:
    d3-time "1"

d3-time@1:
  version "1.0.10"
  resolved "https://registry.yarnpkg.com/d3-time/-/d3-time-1.0.10.tgz#8259dd71288d72eeacfd8de281c4bf5c7393053c"
  integrity sha512-hF+NTLCaJHF/JqHN5hE8HVGAXPStEq6/omumPE/SxyHVrR7/qQxusFDo0t0c/44+sCGHthC7yNGFZIEgju0P8g==

d3-time@1.0.8:
  version "1.0.8"
  resolved "https://registry.yarnpkg.com/d3-time/-/d3-time-1.0.8.tgz#dbd2d6007bf416fe67a76d17947b784bffea1e84"
  integrity sha512-YRZkNhphZh3KcnBfitvF3c6E0JOFGikHZ4YqD+Lzv83ZHn1/u6yGenRU1m+KAk9J1GnZMnKcrtfvSktlA1DXNQ==

d3-timer@1:
  version "1.0.9"
  resolved "https://registry.yarnpkg.com/d3-timer/-/d3-timer-1.0.9.tgz#f7bb8c0d597d792ff7131e1c24a36dd471a471ba"
  integrity sha512-rT34J5HnQUHhcLvhSB9GjCkN0Ddd5Y8nCwDBG2u6wQEeYxT/Lf51fTFFkldeib/sE/J0clIe0pnCfs6g/lRbyg==

d3-timer@1.0.7:
  version "1.0.7"
  resolved "https://registry.yarnpkg.com/d3-timer/-/d3-timer-1.0.7.tgz#df9650ca587f6c96607ff4e60cc38229e8dd8531"
  integrity sha512-vMZXR88XujmG/L5oB96NNKH5lCWwiLM/S2HyyAQLcjWJCloK5shxta4CwOFYLZoY3AWX73v8Lgv4cCAdWtRmOA==

d3-transition@1:
  version "1.1.3"
  resolved "https://registry.yarnpkg.com/d3-transition/-/d3-transition-1.1.3.tgz#3a435b05ce9cef9524fe0d38121cfb6905331ca6"
  integrity sha512-tEvo3qOXL6pZ1EzcXxFcPNxC/Ygivu5NoBY6mbzidATAeML86da+JfVIUzon3dNM6UX6zjDx+xbYDmMVtTSjuA==
  dependencies:
    d3-color "1"
    d3-dispatch "1"
    d3-ease "1"
    d3-interpolate "1"
    d3-selection "^1.1.0"
    d3-timer "1"

d3-transition@1.1.1:
  version "1.1.1"
  resolved "https://registry.yarnpkg.com/d3-transition/-/d3-transition-1.1.1.tgz#d8ef89c3b848735b060e54a39b32aaebaa421039"
  integrity sha512-xeg8oggyQ+y5eb4J13iDgKIjUcEfIOZs2BqV/eEmXm2twx80wTzJ4tB4vaZ5BKfz7XsI/DFmQL5me6O27/5ykQ==
  dependencies:
    d3-color "1"
    d3-dispatch "1"
    d3-ease "1"
    d3-interpolate "1"
    d3-selection "^1.1.0"
    d3-timer "1"

d3-voronoi@1:
  version "1.1.4"
  resolved "https://registry.yarnpkg.com/d3-voronoi/-/d3-voronoi-1.1.4.tgz#dd3c78d7653d2bb359284ae478645d95944c8297"
  integrity sha512-dArJ32hchFsrQ8uMiTBLq256MpnZjeuBtdHpaDlYuQyjU0CVzCJl/BVW+SkszaAeH95D/8gxqAhgx0ouAWAfRg==

d3-voronoi@1.1.2:
  version "1.1.2"
  resolved "https://registry.yarnpkg.com/d3-voronoi/-/d3-voronoi-1.1.2.tgz#1687667e8f13a2d158c80c1480c5a29cb0d8973c"
  integrity sha1-Fodmfo8TotFYyAwUgMWinLDYlzw=

d3-zoom@1:
  version "1.7.3"
  resolved "https://registry.yarnpkg.com/d3-zoom/-/d3-zoom-1.7.3.tgz#f444effdc9055c38077c4299b4df999eb1d47ccb"
  integrity sha512-xEBSwFx5Z9T3/VrwDkMt+mr0HCzv7XjpGURJ8lWmIC8wxe32L39eWHIasEe/e7Ox8MPU4p1hvH8PKN2olLzIBg==
  dependencies:
    d3-dispatch "1"
    d3-drag "1"
    d3-interpolate "1"
    d3-selection "1"
    d3-transition "1"

d3-zoom@1.7.1:
  version "1.7.1"
  resolved "https://registry.yarnpkg.com/d3-zoom/-/d3-zoom-1.7.1.tgz#02f43b3c3e2db54f364582d7e4a236ccc5506b63"
  integrity sha512-sZHQ55DGq5BZBFGnRshUT8tm2sfhPHFnOlmPbbwTkAoPeVdRTkB4Xsf9GCY0TSHrTD8PeJPZGmP/TpGicwJDJQ==
  dependencies:
    d3-dispatch "1"
    d3-drag "1"
    d3-interpolate "1"
    d3-selection "1"
    d3-transition "1"

d3@^4.12.2:
  version "4.13.0"
  resolved "https://registry.yarnpkg.com/d3/-/d3-4.13.0.tgz#ab236ff8cf0cfc27a81e69bf2fb7518bc9b4f33d"
  integrity sha512-l8c4+0SldjVKLaE2WG++EQlqD7mh/dmQjvi2L2lKPadAVC+TbJC4ci7Uk9bRi+To0+ansgsS0iWfPjD7DBy+FQ==
  dependencies:
    d3-array "1.2.1"
    d3-axis "1.0.8"
    d3-brush "1.0.4"
    d3-chord "1.0.4"
    d3-collection "1.0.4"
    d3-color "1.0.3"
    d3-dispatch "1.0.3"
    d3-drag "1.2.1"
    d3-dsv "1.0.8"
    d3-ease "1.0.3"
    d3-force "1.1.0"
    d3-format "1.2.2"
    d3-geo "1.9.1"
    d3-hierarchy "1.1.5"
    d3-interpolate "1.1.6"
    d3-path "1.0.5"
    d3-polygon "1.0.3"
    d3-quadtree "1.0.3"
    d3-queue "3.0.7"
    d3-random "1.1.0"
    d3-request "1.0.6"
    d3-scale "1.0.7"
    d3-selection "1.3.0"
    d3-shape "1.2.0"
    d3-time "1.0.8"
    d3-time-format "2.1.1"
    d3-timer "1.0.7"
    d3-transition "1.1.1"
    d3-voronoi "1.1.2"
    d3-zoom "1.7.1"

d3@^5.7.0:
  version "5.7.0"
  resolved "https://registry.yarnpkg.com/d3/-/d3-5.7.0.tgz#f189d338bdde62acf02f308918e0ec34dd7568f9"
  integrity sha512-8KEIfx+dFm8PlbJN9PI0suazrZ41QcaAufsKE9PRcqYPWLngHIyWJZX96n6IQKePGgeSu0l7rtlueSSNq8Zc3g==
  dependencies:
    d3-array "1"
    d3-axis "1"
    d3-brush "1"
    d3-chord "1"
    d3-collection "1"
    d3-color "1"
    d3-contour "1"
    d3-dispatch "1"
    d3-drag "1"
    d3-dsv "1"
    d3-ease "1"
    d3-fetch "1"
    d3-force "1"
    d3-format "1"
    d3-geo "1"
    d3-hierarchy "1"
    d3-interpolate "1"
    d3-path "1"
    d3-polygon "1"
    d3-quadtree "1"
    d3-random "1"
    d3-scale "2"
    d3-scale-chromatic "1"
    d3-selection "1"
    d3-shape "1"
    d3-time "1"
    d3-time-format "2"
    d3-timer "1"
    d3-transition "1"
    d3-voronoi "1"
    d3-zoom "1"

dagre-d3@^0.6.1:
  version "0.6.1"
  resolved "https://registry.yarnpkg.com/dagre-d3/-/dagre-d3-0.6.1.tgz#a1ac34ce8844c27842029ec661c3cb4a0bad0b45"
  integrity sha512-KvF8GIxcsTBgB+Pgu6aqdkRGhZwyxMs1MUe2C5Mr8gFnQZtyeXfl08fqcS/EF5i9AAPWSKtnxJHXgMYS4WqB4w==
  dependencies:
    d3 "^4.12.2"
    dagre "^0.8.1"
    graphlib "^2.1.5"
    lodash "^4.17.4"

dagre@^0.8.1:
  version "0.8.2"
  resolved "https://registry.yarnpkg.com/dagre/-/dagre-0.8.2.tgz#755b79f4d5499d63cf74c3368fb08add93eceafe"
  integrity sha512-TEOOGZOkCOgCG7AoUIq64sJ3d21SMv8tyoqteLpX+UsUsS9Qw8iap4hhogXY4oB3r0bbZuAjO0atAilgCmsE0Q==
  dependencies:
    graphlib "^2.1.5"
    lodash "^4.17.4"

graphlib@^2.1.5:
  version "2.1.5"
  resolved "https://registry.yarnpkg.com/graphlib/-/graphlib-2.1.5.tgz#6afe1afcc5148555ec799e499056795bd6938c87"
  integrity sha512-XvtbqCcw+EM5SqQrIetIKKD+uZVNQtDPD1goIg7K73RuRZtVI5rYMdcCVSHm/AS1sCBZ7vt0p5WgXouucHQaOA==
  dependencies:
    lodash "^4.11.1"

iconv-lite@0.4:
  version "0.4.24"
  resolved "https://registry.yarnpkg.com/iconv-lite/-/iconv-lite-0.4.24.tgz#2022b4b25fbddc21d2f524974a474aafe733908b"
  integrity sha512-v3MXnZAcvnywkTUEZomIActle7RXXeedOR31wwl7VlyoXO4Qi9arvSenNQWne1TcRwhCL1HwLI21bEqdpj8/rA==
  dependencies:
    safer-buffer ">= 2.1.2 < 3"

lodash@^4.11.1, lodash@^4.17.4:
  version "4.17.11"
  resolved "https://registry.yarnpkg.com/lodash/-/lodash-4.17.11.tgz#b39ea6229ef607ecd89e2c8df12536891cac9b8d"
  integrity sha512-cQKh8igo5QUhZ7lg38DYWAxMvjSAKG0A8wGSVimP07SIUEK2UO+arSRKbRZWtelMtN5V0Hkwh5ryOto/SshYIg==

rw@1:
  version "1.3.3"
  resolved "https://registry.yarnpkg.com/rw/-/rw-1.3.3.tgz#3f862dfa91ab766b14885ef4d01124bfda074fb4"
  integrity sha1-P4Yt+pGrdmsUiF700BEkv9oHT7Q=

"safer-buffer@>= 2.1.2 < 3":
  version "2.1.2"
  resolved "https://registry.yarnpkg.com/safer-buffer/-/safer-buffer-2.1.2.tgz#44fa161b0187b9549dd84bb91802f9bd8385cd6a"
  integrity sha512-YZo3K82SD7Riyi0E1EQPojLz7kpepnSQI9IyPbHHg1XXXevb5dJI7tpyN2ADxGcQbHG7vcyRHk0cbwqcQriUtg==

xmlhttprequest@1:
  version "1.8.0"
  resolved "https://registry.yarnpkg.com/xmlhttprequest/-/xmlhttprequest-1.8.0.tgz#67fe075c5c24fef39f9d65f5f7b7fe75171968fc"
  integrity sha1-Z/4HXFwk/vOfnWX197f+dRcZaPw=
